
Microsoft Visual Studio Solution File, Format Version 12.00
# Visual Studio Version 17
VisualStudioVersion = 17.10.35027.167
MinimumVisualStudioVersion = 10.0.40219.1
Project("{FAE04EC0-301F-11D3-BF4B-00C04F79EFBC}") = "xunit_test_example", "xunit_test_example\xunit_test_example.csproj", "{58623415-725B-455E-8FBC-8D4C11BBF5D1}"
EndProject
Project("{FAE04EC0-301F-11D3-BF4B-00C04F79EFBC}") = "TestProject1", "TestProject1\TestProject1.csproj", "{49F45A6F-DA83-406D-A870-57CB4BB561AA}"
EndProject
Global
	GlobalSection(SolutionConfigurationPlatforms) = preSolution
		Debug|Any CPU = Debug|Any CPU
		Release|Any CPU = Release|Any CPU
	EndGlobalSection
	GlobalSection(ProjectConfigurationPlatforms) = postSolution
		{58623415-725B-455E-8FBC-8D4C11BBF5D1}.Debug|Any CPU.ActiveCfg = Debug|Any CPU
		{58623415-725B-455E-8FBC-8D4C11BBF5D1}.Debug|Any CPU.Build.0 = Debug|Any CPU
		{58623415-725B-455E-8FBC-8D4C11BBF5D1}.Release|Any CPU.ActiveCfg = Release|Any CPU
		{58623415-725B-455E-8FBC-8D4C11BBF5D1}.Release|Any CPU.Build.0 = Release|Any CPU
		{49F45A6F-DA83-406D-A870-57CB4BB561AA}.Debug|Any CPU.ActiveCfg = Debug|Any CPU
		{49F45A6F-DA83-406D-A870-57CB4BB561AA}.Debug|Any CPU.Build.0 = Debug|Any CPU
		{49F45A6F-DA83-406D-A870-57CB4BB561AA}.Release|Any CPU.ActiveCfg = Release|Any CPU
		{49F45A6F-DA83-406D-A870-57CB4BB561AA}.Release|Any CPU.Build.0 = Release|Any CPU
	EndGlobalSection
	GlobalSection(SolutionProperties) = preSolution
		HideSolutionNode = FALSE
	EndGlobalSection
	GlobalSection(ExtensibilityGlobals) = postSolution
		SolutionGuid = {44FE92C7-E033-4B6B-BBD8-5868AEA26B32}
	EndGlobalSection
EndGlobal
